// !$*UTF8*$!
{
	archiveVersion = 1;
	classes = {
	};
	objectVersion = 50;
	objects = {

/* Begin PBXBuildFile section */
		1D44E74E20A17C6D006EFB2D /* SelectionSort.c in Sources */ = {isa = PBXBuildFile; fileRef = 1D44E74D20A17C6D006EFB2D /* SelectionSort.c */; };
		1D44E75120A1AE1C006EFB2D /* InsertionSort.c in Sources */ = {isa = PBXBuildFile; fileRef = 1D44E75020A1AE1C006EFB2D /* InsertionSort.c */; };
		1D5169B9209DB97A0054C65E /* main.c in Sources */ = {isa = PBXBuildFile; fileRef = 1D5169B8209DB97A0054C65E /* main.c */; };
		9A39CB2C209F3C0D00EFE841 /* FirstNoRepetition.c in Sources */ = {isa = PBXBuildFile; fileRef = 9A39CB2B209F3C0D00EFE841 /* FirstNoRepetition.c */; };
/* End PBXBuildFile section */

/* Begin PBXCopyFilesBuildPhase section */
		1D5169B3209DB97A0054C65E /* CopyFiles */ = {
			isa = PBXCopyFilesBuildPhase;
			buildActionMask = 2147483647;
			dstPath = /usr/share/man/man1/;
			dstSubfolderSpec = 0;
			files = (
			);
			runOnlyForDeploymentPostprocessing = 1;
		};
/* End PBXCopyFilesBuildPhase section */

/* Begin PBXFileReference section */
		1D44E74D20A17C6D006EFB2D /* SelectionSort.c */ = {isa = PBXFileReference; lastKnownFileType = sourcecode.c.c; path = SelectionSort.c; sourceTree = "<group>"; };
		1D44E75020A1AE1C006EFB2D /* InsertionSort.c */ = {isa = PBXFileReference; lastKnownFileType = sourcecode.c.c; path = InsertionSort.c; sourceTree = "<group>"; };
		1D5169B5209DB97A0054C65E /* DataStructure_Algorithm */ = {isa = PBXFileReference; explicitFileType = "compiled.mach-o.executable"; includeInIndex = 0; path = DataStructure_Algorithm; sourceTree = BUILT_PRODUCTS_DIR; };
		1D5169B8209DB97A0054C65E /* main.c */ = {isa = PBXFileReference; lastKnownFileType = sourcecode.c.c; path = main.c; sourceTree = "<group>"; };
		9A39CB2B209F3C0D00EFE841 /* FirstNoRepetition.c */ = {isa = PBXFileReference; lastKnownFileType = sourcecode.c.c; path = FirstNoRepetition.c; sourceTree = "<group>"; };
/* End PBXFileReference section */

/* Begin PBXFrameworksBuildPhase section */
		1D5169B2209DB97A0054C65E /* Frameworks */ = {
			isa = PBXFrameworksBuildPhase;
			buildActionMask = 2147483647;
			files = (
			);
			runOnlyForDeploymentPostprocessing = 0;
		};
/* End PBXFrameworksBuildPhase section */

/* Begin PBXGroup section */
		1D44E74C20A17C4E006EFB2D /* 选择排序 */ = {
			isa = PBXGroup;
			children = (
				1D44E74D20A17C6D006EFB2D /* SelectionSort.c */,
			);
			path = "选择排序";
			sourceTree = "<group>";
		};
		1D44E74F20A1AD5C006EFB2D /* 插入排序 */ = {
			isa = PBXGroup;
			children = (
				1D44E75020A1AE1C006EFB2D /* InsertionSort.c */,
			);
			path = "插入排序";
			sourceTree = "<group>";
		};
		1D5169AC209DB97A0054C65E = {
			isa = PBXGroup;
			children = (
				1D5169B7209DB97A0054C65E /* DataStructure_Algorithm */,
				1D5169B6209DB97A0054C65E /* Products */,
			);
			sourceTree = "<group>";
		};
		1D5169B6209DB97A0054C65E /* Products */ = {
			isa = PBXGroup;
			children = (
				1D5169B5209DB97A0054C65E /* DataStructure_Algorithm */,
			);
			name = Products;
			sourceTree = "<group>";
		};
		1D5169B7209DB97A0054C65E /* DataStructure_Algorithm */ = {
			isa = PBXGroup;
			children = (
				1D5169B8209DB97A0054C65E /* main.c */,
				1D44E74C20A17C4E006EFB2D /* 选择排序 */,
				1D44E74F20A1AD5C006EFB2D /* 插入排序 */,
				9A39CB26209F306300EFE841 /* 找到字符串中第一个不重复的字符 */,
			);
			path = DataStructure_Algorithm;
			sourceTree = "<group>";
		};
		9A39CB26209F306300EFE841 /* 找到字符串中第一个不重复的字符 */ = {
			isa = PBXGroup;
			children = (
				9A39CB2B209F3C0D00EFE841 /* FirstNoRepetition.c */,
			);
			path = "找到字符串中第一个不重复的字符";
			sourceTree = "<group>";
		};
/* End PBXGroup section */

/* Begin PBXNativeTarget section */
		1D5169B4209DB97A0054C65E /* DataStructure_Algorithm */ = {
			isa = PBXNativeTarget;
			buildConfigurationList = 1D5169BC209DB97A0054C65E /* Build configuration list for PBXNativeTarget "DataStructure_Algorithm" */;
			buildPhases = (
				1D5169B1209DB97A0054C65E /* Sources */,
				1D5169B2209DB97A0054C65E /* Frameworks */,
				1D5169B3209DB97A0054C65E /* CopyFiles */,
			);
			buildRules = (
			);
			dependencies = (
			);
			name = DataStructure_Algorithm;
			productName = DataStructure_Algorithm;
			productReference = 1D5169B5209DB97A0054C65E /* DataStructure_Algorithm */;
			productType = "com.apple.product-type.tool";
		};
/* End PBXNativeTarget section */

/* Begin PBXProject section */
		1D5169AD209DB97A0054C65E /* Project object */ = {
			isa = PBXProject;
			attributes = {
				LastUpgradeCheck = 0930;
				ORGANIZATIONNAME = student;
				TargetAttributes = {
					1D5169B4209DB97A0054C65E = {
						CreatedOnToolsVersion = 9.3;
					};
				};
			};
			buildConfigurationList = 1D5169B0209DB97A0054C65E /* Build configuration list for PBXProject "DataStructure_Algorithm" */;
			compatibilityVersion = "Xcode 9.3";
			developmentRegion = en;
			hasScannedForEncodings = 0;
			knownRegions = (
				en,
			);
			mainGroup = 1D5169AC209DB97A0054C65E;
			productRefGroup = 1D5169B6209DB97A0054C65E /* Products */;
			projectDirPath = "";
			projectRoot = "";
			targets = (
				1D5169B4209DB97A0054C65E /* DataStructure_Algorithm */,
			);
		};
/* End PBXProject section */

/* Begin PBXSourcesBuildPhase section */
		1D5169B1209DB97A0054C65E /* Sources */ = {
			isa = PBXSourcesBuildPhase;
			buildActionMask = 2147483647;
			files = (
				1D44E74E20A17C6D006EFB2D /* SelectionSort.c in Sources */,
				9A39CB2C209F3C0D00EFE841 /* FirstNoRepetition.c in Sources */,
				1D5169B9209DB97A0054C65E /* main.c in Sources */,
				1D44E75120A1AE1C006EFB2D /* InsertionSort.c in Sources */,
			);
			runOnlyForDeploymentPostprocessing = 0;
		};
/* End PBXSourcesBuildPhase section */

/* Begin XCBuildConfiguration section */
		1D5169BA209DB97A0054C65E /* Debug */ = {
			isa = XCBuildConfiguration;
			buildSettings = {
				ALWAYS_SEARCH_USER_PATHS = NO;
				CLANG_ANALYZER_NONNULL = YES;
				CLANG_ANALYZER_NUMBER_OBJECT_CONVERSION = YES_AGGRESSIVE;
				CLANG_CXX_LANGUAGE_STANDARD = "gnu++14";
				CLANG_CXX_LIBRARY = "libc++";
				CLANG_ENABLE_MODULES = YES;
				CLANG_ENABLE_OBJC_ARC = YES;
				CLANG_ENABLE_OBJC_WEAK = YES;
				CLANG_WARN_BLOCK_CAPTURE_AUTORELEASING = YES;
				CLANG_WARN_BOOL_CONVERSION = YES;
				CLANG_WARN_COMMA = YES;
				CLANG_WARN_CONSTANT_CONVERSION = YES;
				CLANG_WARN_DEPRECATED_OBJC_IMPLEMENTATIONS = YES;
				CLANG_WARN_DIRECT_OBJC_ISA_USAGE = YES_ERROR;
				CLANG_WARN_DOCUMENTATION_COMMENTS = YES;
				CLANG_WARN_EMPTY_BODY = YES;
				CLANG_WARN_ENUM_CONVERSION = YES;
				CLANG_WARN_INFINITE_RECURSION = YES;
				CLANG_WARN_INT_CONVERSION = YES;
				CLANG_WARN_NON_LITERAL_NULL_CONVERSION = YES;
				CLANG_WARN_OBJC_IMPLICIT_RETAIN_SELF = YES;
				CLANG_WARN_OBJC_LITERAL_CONVERSION = YES;
				CLANG_WARN_OBJC_ROOT_CLASS = YES_ERROR;
				CLANG_WARN_RANGE_LOOP_ANALYSIS = YES;
				CLANG_WARN_STRICT_PROTOTYPES = YES;
				CLANG_WARN_SUSPICIOUS_MOVE = YES;
				CLANG_WARN_UNGUARDED_AVAILABILITY = YES_AGGRESSIVE;
				CLANG_WARN_UNREACHABLE_CODE = YES;
				CLANG_WARN__DUPLICATE_METHOD_MATCH = YES;
				CODE_SIGN_IDENTITY = "Mac Developer";
				COPY_PHASE_STRIP = NO;
				DEBUG_INFORMATION_FORMAT = dwarf;
				ENABLE_STRICT_OBJC_MSGSEND = YES;
				ENABLE_TESTABILITY = YES;
				GCC_C_LANGUAGE_STANDARD = gnu11;
				GCC_DYNAMIC_NO_PIC = NO;
				GCC_NO_COMMON_BLOCKS = YES;
				GCC_OPTIMIZATION_LEVEL = 0;
				GCC_PREPROCESSOR_DEFINITIONS = (
					"DEBUG=1",
					"$(inherited)",
				);
				GCC_WARN_64_TO_32_BIT_CONVERSION = YES;
				GCC_WARN_ABOUT_RETURN_TYPE = YES_ERROR;
				GCC_WARN_UNDECLARED_SELECTOR = YES;
				GCC_WARN_UNINITIALIZED_AUTOS = YES_AGGRESSIVE;
				GCC_WARN_UNUSED_FUNCTION = YES;
				GCC_WARN_UNUSED_VARIABLE = YES;
				MACOSX_DEPLOYMENT_TARGET = 10.13;
				MTL_ENABLE_DEBUG_INFO = YES;
				ONLY_ACTIVE_ARCH = YES;
				SDKROOT = macosx;
			};
			name = Debug;
		};
		1D5169BB209DB97A0054C65E /* Release */ = {
			isa = XCBuildConfiguration;
			buildSettings = {
				ALWAYS_SEARCH_USER_PATHS = NO;
				CLANG_ANALYZER_NONNULL = YES;
				CLANG_ANALYZER_NUMBER_OBJECT_CONVERSION = YES_AGGRESSIVE;
				CLANG_CXX_LANGUAGE_STANDARD = "gnu++14";
				CLANG_CXX_LIBRARY = "libc++";
				CLANG_ENABLE_MODULES = YES;
				CLANG_ENABLE_OBJC_ARC = YES;
				CLANG_ENABLE_OBJC_WEAK = YES;
				CLANG_WARN_BLOCK_CAPTURE_AUTORELEASING = YES;
				CLANG_WARN_BOOL_CONVERSION = YES;
				CLANG_WARN_COMMA = YES;
				CLANG_WARN_CONSTANT_CONVERSION = YES;
				CLANG_WARN_DEPRECATED_OBJC_IMPLEMENTATIONS = YES;
				CLANG_WARN_DIRECT_OBJC_ISA_USAGE = YES_ERROR;
				CLANG_WARN_DOCUMENTATION_COMMENTS = YES;
				CLANG_WARN_EMPTY_BODY = YES;
				CLANG_WARN_ENUM_CONVERSION = YES;
				CLANG_WARN_INFINITE_RECURSION = YES;
				CLANG_WARN_INT_CONVERSION = YES;
				CLANG_WARN_NON_LITERAL_NULL_CONVERSION = YES;
				CLANG_WARN_OBJC_IMPLICIT_RETAIN_SELF = YES;
				CLANG_WARN_OBJC_LITERAL_CONVERSION = YES;
				CLANG_WARN_OBJC_ROOT_CLASS = YES_ERROR;
				CLANG_WARN_RANGE_LOOP_ANALYSIS = YES;
				CLANG_WARN_STRICT_PROTOTYPES = YES;
				CLANG_WARN_SUSPICIOUS_MOVE = YES;
				CLANG_WARN_UNGUARDED_AVAILABILITY = YES_AGGRESSIVE;
				CLANG_WARN_UNREACHABLE_CODE = YES;
				CLANG_WARN__DUPLICATE_METHOD_MATCH = YES;
				CODE_SIGN_IDENTITY = "Mac Developer";
				COPY_PHASE_STRIP = NO;
				DEBUG_INFORMATION_FORMAT = "dwarf-with-dsym";
				ENABLE_NS_ASSERTIONS = NO;
				ENABLE_STRICT_OBJC_MSGSEND = YES;
				GCC_C_LANGUAGE_STANDARD = gnu11;
				GCC_NO_COMMON_BLOCKS = YES;
				GCC_WARN_64_TO_32_BIT_CONVERSION = YES;
				GCC_WARN_ABOUT_RETURN_TYPE = YES_ERROR;
				GCC_WARN_UNDECLARED_SELECTOR = YES;
				GCC_WARN_UNINITIALIZED_AUTOS = YES_AGGRESSIVE;
				GCC_WARN_UNUSED_FUNCTION = YES;
				GCC_WARN_UNUSED_VARIABLE = YES;
				MACOSX_DEPLOYMENT_TARGET = 10.13;
				MTL_ENABLE_DEBUG_INFO = NO;
				SDKROOT = macosx;
			};
			name = Release;
		};
		1D5169BD209DB97A0054C65E /* Debug */ = {
			isa = XCBuildConfiguration;
			buildSettings = {
				CODE_SIGN_STYLE = Automatic;
				DEVELOPMENT_TEAM = XUSFQUD8HW;
				GCC_C_LANGUAGE_STANDARD = gnu11;
				PRODUCT_NAME = "$(TARGET_NAME)";
			};
			name = Debug;
		};
		1D5169BE209DB97A0054C65E /* Release */ = {
			isa = XCBuildConfiguration;
			buildSettings = {
				CODE_SIGN_STYLE = Automatic;
				DEVELOPMENT_TEAM = XUSFQUD8HW;
				GCC_C_LANGUAGE_STANDARD = gnu11;
				PRODUCT_NAME = "$(TARGET_NAME)";
			};
			name = Release;
		};
/* End XCBuildConfiguration section */

/* Begin XCConfigurationList section */
		1D5169B0209DB97A0054C65E /* Build configuration list for PBXProject "DataStructure_Algorithm" */ = {
			isa = XCConfigurationList;
			buildConfigurations = (
				1D5169BA209DB97A0054C65E /* Debug */,
				1D5169BB209DB97A0054C65E /* Release */,
			);
			defaultConfigurationIsVisible = 0;
			defaultConfigurationName = Release;
		};
		1D5169BC209DB97A0054C65E /* Build configuration list for PBXNativeTarget "DataStructure_Algorithm" */ = {
			isa = XCConfigurationList;
			buildConfigurations = (
				1D5169BD209DB97A0054C65E /* Debug */,
				1D5169BE209DB97A0054C65E /* Release */,
			);
			defaultConfigurationIsVisible = 0;
			defaultConfigurationName = Release;
		};
/* End XCConfigurationList section */
	};
	rootObject = 1D5169AD209DB97A0054C65E /* Project object */;
}
